
Microsoft Visual Studio Solution File, Format Version 12.00
# Visual Studio Version 17
VisualStudioVersion = 17.0.31410.414
MinimumVisualStudioVersion = 10.0.40219.1
Project("{2150E333-8FDC-42A3-9474-1A3956D46DE8}") = "Microservices", "Microservices", "{D09D32DB-6A32-4932-9152-EA6173F8CD0D}"
EndProject
Project("{2150E333-8FDC-42A3-9474-1A3956D46DE8}") = "Domain", "Domain", "{A01FFF0C-DF37-4E77-B40F-C617D3DCABA7}"
EndProject
Project("{2150E333-8FDC-42A3-9474-1A3956D46DE8}") = "Infra.Bus", "Infra.Bus", "{5BC0AC10-E7AF-48B4-B17C-E71959B1F5E4}"
EndProject
Project("{2150E333-8FDC-42A3-9474-1A3956D46DE8}") = "Infra.IoC", "Infra.IoC", "{D7830BBC-074A-4C62-B9AC-A868792C05C2}"
EndProject
Project("{2150E333-8FDC-42A3-9474-1A3956D46DE8}") = "Presentation", "Presentation", "{6507F4CB-4AD4-4528-8D50-AC6CBBCA33A1}"
EndProject
Project("{9A19103F-16F7-4668-BE54-9A1E7A4F7556}") = "MicroService.Domain.Core", "MicroService.Domain.Core\MicroService.Domain.Core.csproj", "{FA7720E0-4F2D-4ABC-9642-9975C219BBC1}"
EndProject
Project("{FAE04EC0-301F-11D3-BF4B-00C04F79EFBC}") = "MicroRabbit.Infra.Bus", "MicroRabbit.Infra.Bus\MicroRabbit.Infra.Bus.csproj", "{8F674810-C8FE-416B-922B-1C1F6CA6CF05}"
EndProject
Project("{FAE04EC0-301F-11D3-BF4B-00C04F79EFBC}") = "MicroRabbit.Infra.IoC", "MicroRabbit.Infra.IoC\MicroRabbit.Infra.IoC.csproj", "{61A66A0B-608A-42E4-8C57-4F7F276A9A9F}"
EndProject
Project("{2150E333-8FDC-42A3-9474-1A3956D46DE8}") = "Banking", "Banking", "{371A62C1-B9AD-4E09-8DC7-B01BC97D3956}"
EndProject
Project("{2150E333-8FDC-42A3-9474-1A3956D46DE8}") = "Api", "Api", "{99331FDC-3CA9-40C7-8EB2-74A0CC011C7A}"
EndProject
Project("{2150E333-8FDC-42A3-9474-1A3956D46DE8}") = "Application", "Application", "{5835C421-C500-488F-8AA2-02997C68BF44}"
EndProject
Project("{2150E333-8FDC-42A3-9474-1A3956D46DE8}") = "Data", "Data", "{ADA43BC6-B86F-4875-826E-3B21FFF80549}"
EndProject
Project("{2150E333-8FDC-42A3-9474-1A3956D46DE8}") = "Domain", "Domain", "{64090576-4137-4D7C-8642-4682492422BA}"
EndProject
Project("{FAE04EC0-301F-11D3-BF4B-00C04F79EFBC}") = "MicroRabbit.Banking.Api", "MicroRabbit.Banking.Api\MicroRabbit.Banking.Api.csproj", "{F8ECBEC6-9EC7-4F08-8580-858FA24BADCB}"
EndProject
Project("{FAE04EC0-301F-11D3-BF4B-00C04F79EFBC}") = "MicroRabbit.Banking.Application", "MicroRabbit.Banking.Application\MicroRabbit.Banking.Application.csproj", "{F515E6A2-3496-439F-8D7D-568207C23A91}"
EndProject
Project("{FAE04EC0-301F-11D3-BF4B-00C04F79EFBC}") = "MicroRabbit.Banking.Data", "MicroRabbit.Banking.Data\MicroRabbit.Banking.Data.csproj", "{85750BBD-F104-49F3-A582-523B1E6577A1}"
EndProject
Project("{FAE04EC0-301F-11D3-BF4B-00C04F79EFBC}") = "MicroRabbit.Banking.Domain", "MicroRabbit.Banking.Domain\MicroRabbit.Banking.Domain.csproj", "{FFB6254E-C053-4E09-82B3-B76E83F091CD}"
EndProject
Global
	GlobalSection(SolutionConfigurationPlatforms) = preSolution
		Debug|Any CPU = Debug|Any CPU
		Release|Any CPU = Release|Any CPU
	EndGlobalSection
	GlobalSection(ProjectConfigurationPlatforms) = postSolution
		{FA7720E0-4F2D-4ABC-9642-9975C219BBC1}.Debug|Any CPU.ActiveCfg = Debug|Any CPU
		{FA7720E0-4F2D-4ABC-9642-9975C219BBC1}.Debug|Any CPU.Build.0 = Debug|Any CPU
		{FA7720E0-4F2D-4ABC-9642-9975C219BBC1}.Release|Any CPU.ActiveCfg = Release|Any CPU
		{FA7720E0-4F2D-4ABC-9642-9975C219BBC1}.Release|Any CPU.Build.0 = Release|Any CPU
		{8F674810-C8FE-416B-922B-1C1F6CA6CF05}.Debug|Any CPU.ActiveCfg = Debug|Any CPU
		{8F674810-C8FE-416B-922B-1C1F6CA6CF05}.Debug|Any CPU.Build.0 = Debug|Any CPU
		{8F674810-C8FE-416B-922B-1C1F6CA6CF05}.Release|Any CPU.ActiveCfg = Release|Any CPU
		{8F674810-C8FE-416B-922B-1C1F6CA6CF05}.Release|Any CPU.Build.0 = Release|Any CPU
		{61A66A0B-608A-42E4-8C57-4F7F276A9A9F}.Debug|Any CPU.ActiveCfg = Debug|Any CPU
		{61A66A0B-608A-42E4-8C57-4F7F276A9A9F}.Debug|Any CPU.Build.0 = Debug|Any CPU
		{61A66A0B-608A-42E4-8C57-4F7F276A9A9F}.Release|Any CPU.ActiveCfg = Release|Any CPU
		{61A66A0B-608A-42E4-8C57-4F7F276A9A9F}.Release|Any CPU.Build.0 = Release|Any CPU
		{F8ECBEC6-9EC7-4F08-8580-858FA24BADCB}.Debug|Any CPU.ActiveCfg = Debug|Any CPU
		{F8ECBEC6-9EC7-4F08-8580-858FA24BADCB}.Debug|Any CPU.Build.0 = Debug|Any CPU
		{F8ECBEC6-9EC7-4F08-8580-858FA24BADCB}.Release|Any CPU.ActiveCfg = Release|Any CPU
		{F8ECBEC6-9EC7-4F08-8580-858FA24BADCB}.Release|Any CPU.Build.0 = Release|Any CPU
		{F515E6A2-3496-439F-8D7D-568207C23A91}.Debug|Any CPU.ActiveCfg = Debug|Any CPU
		{F515E6A2-3496-439F-8D7D-568207C23A91}.Debug|Any CPU.Build.0 = Debug|Any CPU
		{F515E6A2-3496-439F-8D7D-568207C23A91}.Release|Any CPU.ActiveCfg = Release|Any CPU
		{F515E6A2-3496-439F-8D7D-568207C23A91}.Release|Any CPU.Build.0 = Release|Any CPU
		{85750BBD-F104-49F3-A582-523B1E6577A1}.Debug|Any CPU.ActiveCfg = Debug|Any CPU
		{85750BBD-F104-49F3-A582-523B1E6577A1}.Debug|Any CPU.Build.0 = Debug|Any CPU
		{85750BBD-F104-49F3-A582-523B1E6577A1}.Release|Any CPU.ActiveCfg = Release|Any CPU
		{85750BBD-F104-49F3-A582-523B1E6577A1}.Release|Any CPU.Build.0 = Release|Any CPU
		{FFB6254E-C053-4E09-82B3-B76E83F091CD}.Debug|Any CPU.ActiveCfg = Debug|Any CPU
		{FFB6254E-C053-4E09-82B3-B76E83F091CD}.Debug|Any CPU.Build.0 = Debug|Any CPU
		{FFB6254E-C053-4E09-82B3-B76E83F091CD}.Release|Any CPU.ActiveCfg = Release|Any CPU
		{FFB6254E-C053-4E09-82B3-B76E83F091CD}.Release|Any CPU.Build.0 = Release|Any CPU
	EndGlobalSection
	GlobalSection(SolutionProperties) = preSolution
		HideSolutionNode = FALSE
	EndGlobalSection
	GlobalSection(NestedProjects) = preSolution
		{FA7720E0-4F2D-4ABC-9642-9975C219BBC1} = {A01FFF0C-DF37-4E77-B40F-C617D3DCABA7}
		{8F674810-C8FE-416B-922B-1C1F6CA6CF05} = {5BC0AC10-E7AF-48B4-B17C-E71959B1F5E4}
		{61A66A0B-608A-42E4-8C57-4F7F276A9A9F} = {D7830BBC-074A-4C62-B9AC-A868792C05C2}
		{371A62C1-B9AD-4E09-8DC7-B01BC97D3956} = {D09D32DB-6A32-4932-9152-EA6173F8CD0D}
		{99331FDC-3CA9-40C7-8EB2-74A0CC011C7A} = {371A62C1-B9AD-4E09-8DC7-B01BC97D3956}
		{5835C421-C500-488F-8AA2-02997C68BF44} = {371A62C1-B9AD-4E09-8DC7-B01BC97D3956}
		{ADA43BC6-B86F-4875-826E-3B21FFF80549} = {371A62C1-B9AD-4E09-8DC7-B01BC97D3956}
		{64090576-4137-4D7C-8642-4682492422BA} = {371A62C1-B9AD-4E09-8DC7-B01BC97D3956}
		{F8ECBEC6-9EC7-4F08-8580-858FA24BADCB} = {99331FDC-3CA9-40C7-8EB2-74A0CC011C7A}
		{F515E6A2-3496-439F-8D7D-568207C23A91} = {5835C421-C500-488F-8AA2-02997C68BF44}
		{85750BBD-F104-49F3-A582-523B1E6577A1} = {ADA43BC6-B86F-4875-826E-3B21FFF80549}
		{FFB6254E-C053-4E09-82B3-B76E83F091CD} = {64090576-4137-4D7C-8642-4682492422BA}
	EndGlobalSection
	GlobalSection(ExtensibilityGlobals) = postSolution
		SolutionGuid = {205CE5AD-D9A9-4BC0-8E9D-09B829D2ABE9}
	EndGlobalSection
EndGlobal
