
Microsoft Visual Studio Solution File, Format Version 12.00
# Visual Studio Version 17
VisualStudioVersion = 17.0.31410.414
MinimumVisualStudioVersion = 10.0.40219.1
Project("{2150E333-8FDC-42A3-9474-1A3956D46DE8}") = "Microservices", "Microservices", "{D09D32DB-6A32-4932-9152-EA6173F8CD0D}"
EndProject
Project("{2150E333-8FDC-42A3-9474-1A3956D46DE8}") = "Domain", "Domain", "{A01FFF0C-DF37-4E77-B40F-C617D3DCABA7}"
EndProject
Project("{2150E333-8FDC-42A3-9474-1A3956D46DE8}") = "Infra.Bus", "Infra.Bus", "{5BC0AC10-E7AF-48B4-B17C-E71959B1F5E4}"
EndProject
Project("{2150E333-8FDC-42A3-9474-1A3956D46DE8}") = "Infra.IoC", "Infra.IoC", "{D7830BBC-074A-4C62-B9AC-A868792C05C2}"
EndProject
Project("{2150E333-8FDC-42A3-9474-1A3956D46DE8}") = "Presentation", "Presentation", "{6507F4CB-4AD4-4528-8D50-AC6CBBCA33A1}"
EndProject
Project("{9A19103F-16F7-4668-BE54-9A1E7A4F7556}") = "MicroService.Domain.Core", "MicroService.Domain.Core\MicroService.Domain.Core.csproj", "{FA7720E0-4F2D-4ABC-9642-9975C219BBC1}"
EndProject
Project("{FAE04EC0-301F-11D3-BF4B-00C04F79EFBC}") = "MicroRabbit.Infra.Bus", "MicroRabbit.Infra.Bus\MicroRabbit.Infra.Bus.csproj", "{8F674810-C8FE-416B-922B-1C1F6CA6CF05}"
EndProject
Global
	GlobalSection(SolutionConfigurationPlatforms) = preSolution
		Debug|Any CPU = Debug|Any CPU
		Release|Any CPU = Release|Any CPU
	EndGlobalSection
	GlobalSection(ProjectConfigurationPlatforms) = postSolution
		{FA7720E0-4F2D-4ABC-9642-9975C219BBC1}.Debug|Any CPU.ActiveCfg = Debug|Any CPU
		{FA7720E0-4F2D-4ABC-9642-9975C219BBC1}.Debug|Any CPU.Build.0 = Debug|Any CPU
		{FA7720E0-4F2D-4ABC-9642-9975C219BBC1}.Release|Any CPU.ActiveCfg = Release|Any CPU
		{FA7720E0-4F2D-4ABC-9642-9975C219BBC1}.Release|Any CPU.Build.0 = Release|Any CPU
		{8F674810-C8FE-416B-922B-1C1F6CA6CF05}.Debug|Any CPU.ActiveCfg = Debug|Any CPU
		{8F674810-C8FE-416B-922B-1C1F6CA6CF05}.Debug|Any CPU.Build.0 = Debug|Any CPU
		{8F674810-C8FE-416B-922B-1C1F6CA6CF05}.Release|Any CPU.ActiveCfg = Release|Any CPU
		{8F674810-C8FE-416B-922B-1C1F6CA6CF05}.Release|Any CPU.Build.0 = Release|Any CPU
	EndGlobalSection
	GlobalSection(SolutionProperties) = preSolution
		HideSolutionNode = FALSE
	EndGlobalSection
	GlobalSection(NestedProjects) = preSolution
		{FA7720E0-4F2D-4ABC-9642-9975C219BBC1} = {A01FFF0C-DF37-4E77-B40F-C617D3DCABA7}
		{8F674810-C8FE-416B-922B-1C1F6CA6CF05} = {5BC0AC10-E7AF-48B4-B17C-E71959B1F5E4}
	EndGlobalSection
	GlobalSection(ExtensibilityGlobals) = postSolution
		SolutionGuid = {205CE5AD-D9A9-4BC0-8E9D-09B829D2ABE9}
	EndGlobalSection
EndGlobal
